
Microsoft Visual Studio Solution File, Format Version 12.00
# Visual Studio 15
VisualStudioVersion = 15.0.28307.168
MinimumVisualStudioVersion = 10.0.40219.1
Project("{FAE04EC0-301F-11D3-BF4B-00C04F79EFBC}") = "DataScriptLanguage", "DataScriptLanguage\DataScriptLanguage.csproj", "{8F5E31E2-EF74-4DB0-80F2-B3423898817A}"
EndProject
Project("{FAE04EC0-301F-11D3-BF4B-00C04F79EFBC}") = "Sandbox", "Sandbox\Sandbox.csproj", "{C74120CA-9532-4456-A68F-3FD0E7105669}"
EndProject
Global
	GlobalSection(SolutionConfigurationPlatforms) = preSolution
		Debug|Any CPU = Debug|Any CPU
		Release|Any CPU = Release|Any CPU
	EndGlobalSection
	GlobalSection(ProjectConfigurationPlatforms) = postSolution
		{8F5E31E2-EF74-4DB0-80F2-B3423898817A}.Debug|Any CPU.ActiveCfg = Debug|Any CPU
		{8F5E31E2-EF74-4DB0-80F2-B3423898817A}.Debug|Any CPU.Build.0 = Debug|Any CPU
		{8F5E31E2-EF74-4DB0-80F2-B3423898817A}.Release|Any CPU.ActiveCfg = Release|Any CPU
		{8F5E31E2-EF74-4DB0-80F2-B3423898817A}.Release|Any CPU.Build.0 = Release|Any CPU
		{C74120CA-9532-4456-A68F-3FD0E7105669}.Debug|Any CPU.ActiveCfg = Debug|Any CPU
		{C74120CA-9532-4456-A68F-3FD0E7105669}.Debug|Any CPU.Build.0 = Debug|Any CPU
		{C74120CA-9532-4456-A68F-3FD0E7105669}.Release|Any CPU.ActiveCfg = Release|Any CPU
		{C74120CA-9532-4456-A68F-3FD0E7105669}.Release|Any CPU.Build.0 = Release|Any CPU
	EndGlobalSection
	GlobalSection(SolutionProperties) = preSolution
		HideSolutionNode = FALSE
	EndGlobalSection
	GlobalSection(ExtensibilityGlobals) = postSolution
		SolutionGuid = {B1C80EED-595F-4775-A51E-3C0497569492}
	EndGlobalSection
EndGlobal
